
Microsoft Visual Studio Solution File, Format Version 12.00
# Visual Studio 15
VisualStudioVersion = 15.0.27703.2026
MinimumVisualStudioVersion = 10.0.40219.1
Project("{FAE04EC0-301F-11D3-BF4B-00C04F79EFBC}") = "VerificaTriangulo", "VerificaTriangulo\VerificaTriangulo.csproj", "{B20CD5B4-14AB-46E7-939D-B10FC4F90E1F}"
EndProject
Global
	GlobalSection(SolutionConfigurationPlatforms) = preSolution
		Debug|Any CPU = Debug|Any CPU
		Release|Any CPU = Release|Any CPU
	EndGlobalSection
	GlobalSection(ProjectConfigurationPlatforms) = postSolution
		{B20CD5B4-14AB-46E7-939D-B10FC4F90E1F}.Debug|Any CPU.ActiveCfg = Debug|Any CPU
		{B20CD5B4-14AB-46E7-939D-B10FC4F90E1F}.Debug|Any CPU.Build.0 = Debug|Any CPU
		{B20CD5B4-14AB-46E7-939D-B10FC4F90E1F}.Release|Any CPU.ActiveCfg = Release|Any CPU
		{B20CD5B4-14AB-46E7-939D-B10FC4F90E1F}.Release|Any CPU.Build.0 = Release|Any CPU
	EndGlobalSection
	GlobalSection(SolutionProperties) = preSolution
		HideSolutionNode = FALSE
	EndGlobalSection
	GlobalSection(ExtensibilityGlobals) = postSolution
		SolutionGuid = {2E8506D5-70CF-44A6-9729-A14DB96987E9}
	EndGlobalSection
EndGlobal
